
Microsoft Visual Studio Solution File, Format Version 12.00
# Visual Studio Version 17
VisualStudioVersion = 17.5.002.0
MinimumVisualStudioVersion = 10.0.40219.1
Project("{9A19103F-16F7-4668-BE54-9A1E7A4F7556}") = "projeto-musical-orientado-a-objetos", "projeto-musical-orientado-a-objetos.csproj", "{D356B51C-5203-457E-A9D4-C97750E876DF}"
EndProject
Global
	GlobalSection(SolutionConfigurationPlatforms) = preSolution
		Debug|Any CPU = Debug|Any CPU
		Release|Any CPU = Release|Any CPU
	EndGlobalSection
	GlobalSection(ProjectConfigurationPlatforms) = postSolution
		{D356B51C-5203-457E-A9D4-C97750E876DF}.Debug|Any CPU.ActiveCfg = Debug|Any CPU
		{D356B51C-5203-457E-A9D4-C97750E876DF}.Debug|Any CPU.Build.0 = Debug|Any CPU
		{D356B51C-5203-457E-A9D4-C97750E876DF}.Release|Any CPU.ActiveCfg = Release|Any CPU
		{D356B51C-5203-457E-A9D4-C97750E876DF}.Release|Any CPU.Build.0 = Release|Any CPU
	EndGlobalSection
	GlobalSection(SolutionProperties) = preSolution
		HideSolutionNode = FALSE
	EndGlobalSection
	GlobalSection(ExtensibilityGlobals) = postSolution
		SolutionGuid = {6D5D90EA-EFC2-4816-BCAB-3FDD2EECA6CA}
	EndGlobalSection
EndGlobal
